{
    "_meta": {
        "hash": {
            "sha256": "f460f1482250e267bb523a1365c00ec6fae0099a22380739e33cc5043e9391b7"
        },
        "pipfile-spec": 6,
        "requires": {
            "python_version": "3.8"
        },
        "sources": [
            {
                "name": "pypi",
                "url": "https://pypi.org/simple",
                "verify_ssl": true
            }
        ]
    },
    "default": {
        "arrow": {
            "hashes": [
                "sha256:3397e5448952e18e1295bf047014659effa5ae8da6a5371d37ff0ddc46fa6872",
                "sha256:6f54d9f016c0b7811fac9fb8c2c7fa7421d80c54dbdd75ffb12913c55db60b8a"
            ],
            "version": "==0.13.1"
        },
        "bibtexparser": {
            "hashes": [
                "sha256:df8966ea752db6d74657a69b9d684a61aa33457ad6d9d50e41c50ef7f374907f"
            ],
            "version": "==1.1.0"
        },
        "blessed": {
            "hashes": [
                "sha256:777b0b6b5ce51f3832e498c22bc6a093b6b5f99148c7cbf866d26e2dec51ef21",
                "sha256:9a0a98c7070b016341ae0300415deeda930a340ef7961d9b920a5cb200a601e2"
            ],
            "version": "==1.15.0"
        },
        "certifi": {
            "hashes": [
                "sha256:2bbf76fd432960138b3ef6dda3dde0544f27cbf8546c458e60baf371917ba9ee",
                "sha256:50b1e4f8446b06f41be7dd6338db18e0990601dce795c2b1686458aa7e8fa7d8"
            ],
            "version": "==2021.5.30"
        },
        "chardet": {
            "hashes": [
                "sha256:84ab92ed1c4d4f16916e05906b6b75a6c0fb5db821cc65e70cbd64a3e2a5eaae",
                "sha256:fc323ffcaeaed0e0a02bf4d117757b98aed530d9ed4531e3e15460124c106691"
            ],
            "version": "==3.0.4"
        },
        "coldfront": {
            "hashes": [
                "sha256:69e67aa855154fb1c67e4477b983d7c2984aa8155da15305d094ea5710106725",
                "sha256:e94d09b81ff72dd519f29c64df0db2760cd0e0776982650ecb41dc68db1e0a5e"
            ],
            "index": "pypi",
            "version": "==1.0.4"
        },
        "django": {
            "hashes": [
                "sha256:0eaca08f236bf502a9773e53623f766cc3ceee6453cc41e6de1c8b80f07d2364",
                "sha256:c9c994f5e0a032cbd45089798b52e4080f4dea7241c58e3e0636c54146480bb4"
            ],
            "markers": "python_version >= '3.5'",
            "version": "==2.2.18"
        },
        "django-crispy-forms": {
            "hashes": [
                "sha256:5952bab971110d0b86c278132dae0aa095beee8f723e625c3d3fa28888f1675f",
                "sha256:705ededc554ad8736157c666681165fe22ead2dec0d5446d65fc9dd976a5a876"
            ],
            "version": "==1.7.2"
        },
        "django-environ": {
            "hashes": [
                "sha256:6c9d87660142608f63ec7d5ce5564c49b603ea8ff25da595fd6098f6dc82afde",
                "sha256:c57b3c11ec1f319d9474e3e5a79134f40174b17c7cc024bbb2fad84646b120c4"
            ],
            "version": "==0.4.5"
        },
        "django-model-utils": {
            "hashes": [
                "sha256:2c057f3bf0859aba27f04389f0cedd2d48f8c9b3848acb86fd9970794e58f477",
                "sha256:8cd377744aa45f9f131d652ec460c57d1aaa88d3e9b586c8e27eb709341b9084"
            ],
            "version": "==3.1.2"
        },
        "django-picklefield": {
            "hashes": [
                "sha256:9052f2dcf4882c683ce87b4356f29b4d014c0dad645b6906baf9f09571f52bc8",
                "sha256:f1733a8db1b6046c0d7d738e785f9875aa3c198215de11993463a9339aa4ea24"
            ],
            "version": "==2.0"
        },
        "django-q": {
            "hashes": [
                "sha256:229dd0806088a3606bad999749c5260b0fb926db7181f75620d0e76f35f1ab88",
                "sha256:b958904887bef8948761d419f4d8258483be4f75884833d5d75e5ccd54ecb89e"
            ],
            "version": "==1.0.1"
        },
        "django-settings-export": {
            "hashes": [
                "sha256:fceeae49fc597f654c1217415d8e049fc81c930b7154f5d8f28c432db738ff79"
            ],
            "version": "==1.2.1"
        },
        "django-simple-history": {
            "hashes": [
                "sha256:63736301576c04ee4b3a3b28ad17b10a0666b988f6f5ee5990edb29c2de6475d",
                "sha256:652979d2091cb1230104d930c1e335feb267feb1784c2aa95b5d334a5748b079"
            ],
            "markers": "python_version >= '2.7' and python_version not in '3.0, 3.1, 3.2, 3.3'",
            "version": "==2.7.2"
        },
        "django-split-settings": {
            "hashes": [
                "sha256:2da16cd967cd38315ec7ff0ae0c9db8488f8528bb2e5de26cd898328dc4bbeac",
                "sha256:8d636649023289d0ef0ba08b0a4f37761adc94a29ee0ebfe65922c3cb0594ede"
            ],
            "markers": "python_version >= '3.6' and python_version < '4.0'",
            "version": "==1.0.1"
        },
        "django-sslserver": {
            "hashes": [
                "sha256:6b2514427b4eed0713e478ae6dfdda622070a98f657d61a4502bf42b6311c66e"
            ],
            "version": "==0.20"
        },
        "django-su": {
            "hashes": [
                "sha256:aa1f0d87a67bd768177542470eb62a58cff8fce3b92244d98b8de5fefbeb35db",
                "sha256:e8c9e74a033f9f33b22db011b82e56f0ec3d4f7bc0f699a14c54fc2981cbfe50"
            ],
            "version": "==0.8.0"
        },
        "doi2bib": {
            "hashes": [
                "sha256:5b8c8b4b03461ecda926addfef39e4214ad87e6b94e1df82281ae8e3212e60c7"
            ],
            "version": "==0.3.0"
        },
        "future": {
            "hashes": [
                "sha256:67045236dcfd6816dc439556d009594abf643e5eb48992e36beac09c2ca659b8"
            ],
            "markers": "python_version >= '2.6' and python_version not in '3.0, 3.1, 3.2, 3.3'",
            "version": "==0.17.1"
        },
        "humanize": {
            "hashes": [
                "sha256:a43f57115831ac7c70de098e6ac46ac13be00d69abbf60bdcac251344785bb19"
            ],
            "version": "==0.5.1"
        },
        "idna": {
            "hashes": [
                "sha256:c357b3f628cf53ae2c4c05627ecc484553142ca23264e593d327bcde5e9c3407",
                "sha256:ea8b7f6188e6fa117537c3df7da9fc686d485087abf6ac197f9c46432f7e4a3c"
            ],
            "version": "==2.8"
        },
        "pynput": {
            "hashes": [
                "sha256:4e50b1a0ab86847e87e58f6d1993688b9a44f9f4c88d4712315ea8eb552ef828",
                "sha256:6626e8ea9ca482bb5628a7169e1193824e382c4ad3053e40f4f24f41ee7b41c9",
                "sha256:fea5777454f896bd79d35393088cd29a089f3b2da166f0848a922b1d5a807d4f"
            ],
            "index": "pypi",
            "version": "==1.7.3"
        },
        "pyobjc-core": {
            "hashes": [
                "sha256:4e93ad769a20b908778fe950f62a843a6d8f0fa71996e5f3cc9fab5ae7d17771",
                "sha256:5081aedf8bb40aac1a8ad95adac9e44e148a882686ded614adf46bb67fd67574",
                "sha256:8d5e12a0729dfd1d998a861998b422d0a3e41923d75ea229bacf31372c831d7b",
                "sha256:9f63fd37bbf3785af4ddb2f86cad5ca81c62cfc7d1c0099637ca18343c3656c1",
                "sha256:e9b1311f72f2e170742a7ee3a8149f52c35158dc024a21e88d6f1e52ba5d718b",
                "sha256:efdee8c4884405e0c0186c57f87d7bfaa0abc1f50b18e865db3caea3a1f329b9"
            ],
            "markers": "python_version >= '3.6'",
            "version": "==7.3"
        },
        "pyobjc-framework-cocoa": {
            "hashes": [
                "sha256:2e8e7a1a82cca21d9bfac9115baf065305f3da577bf240085964dfb9c9fff337",
                "sha256:35a6340437a4e0109a302150b7d1f6baf57004ccf74834f9e6062fcafe2fd8d7",
                "sha256:6c15f43077c9a2ba1853eb402ff7a9515df9e584315bc2fcb779d4c95ef46dc5",
                "sha256:7c3886f2608ab3ed02482f8b2ebf9f782b324c559e84b52cfd92dba8a1109872",
                "sha256:9edffdfa6dd1f71f21b531c3e61fdd3e4d5d3bf6c5a528c98e88828cd60bac11",
                "sha256:b18d05e7a795a3455ad191c3e43d6bfa673c2a4fd480bb1ccf57191051b80b7e"
            ],
            "markers": "python_version >= '3.6'",
            "version": "==7.3"
        },
        "pyobjc-framework-quartz": {
            "hashes": [
                "sha256:1ef18f5a16511ded65980bf4f5983ea5d35c88224dbad1b3112abd29c60413ea",
                "sha256:2c65456ed045dfe1711d0298734e5a3ad670f8c770f7eb3b19979256c388bdd2",
                "sha256:3b41eec8d4b10c7c7e011e2f9051367f5499ef315ba52dfbae573c3a2e05469c",
                "sha256:7aba3cd966a0768dd58a35680742820f0c5ac596a9cd11014e2057818e65b0af",
                "sha256:8ddbca6b466584c3dc0e5b701b1c2a9b5d97ddc1d79a949927499ebb1be1f210",
                "sha256:98812844c34262def980bdf60923a875cd43428a8375b6fd53bd2cd800eccf0b"
            ],
            "markers": "sys_platform == 'darwin'",
            "version": "==7.3"
        },
        "pyparsing": {
            "hashes": [
                "sha256:66c9268862641abcac4a96ba74506e594c884e3f57690a696d21ad8210ed667a",
                "sha256:f6c5ef0d7480ad048c054c37632c67fca55299990fff127850181659eea33fc3"
            ],
            "version": "==2.3.1"
        },
        "python-dateutil": {
            "hashes": [
                "sha256:7e6584c74aeed623791615e26efd690f29817a27c73085b78e4bad02493df2fb",
                "sha256:c89805f6f4d64db21ed966fda138f8a5ed7a4fdbc1a8ee329ce1b74e3c74da9e"
            ],
            "markers": "python_version >= '2.7' and python_version not in '3.0, 3.1, 3.2, 3.3'",
            "version": "==2.8.0"
        },
        "python-memcached": {
            "hashes": [
                "sha256:4dac64916871bd3550263323fc2ce18e1e439080a2d5670c594cf3118d99b594",
                "sha256:a2e28637be13ee0bf1a8b6843e7490f9456fd3f2a4cb60471733c7b5d5557e4f"
            ],
            "version": "==1.59"
        },
        "pytz": {
            "hashes": [
                "sha256:32b0891edff07e28efe91284ed9c31e123d84bea3fd98e1f72be2508f43ef8d9",
                "sha256:d5f05e487007e29e03409f9398d074e158d920d36eb82eaf66fb1136b0c5374c"
            ],
            "version": "==2018.9"
        },
        "redis": {
            "hashes": [
                "sha256:6946b5dca72e86103edc8033019cc3814c031232d339d5f4533b02ea85685175",
                "sha256:8ca418d2ddca1b1a850afa1680a7d2fd1f3322739271de4b704e0d4668449273"
            ],
            "markers": "python_version >= '2.7' and python_version not in '3.0, 3.1, 3.2, 3.3'",
            "version": "==3.2.1"
        },
        "requests": {
            "hashes": [
                "sha256:11e007a8a2aa0323f5a921e9e6a2d7e4e67d9877e85773fba9ba6419025cbeb4",
                "sha256:9cf5292fcd0f598c671cfc1e0d7d1a7f13bb8085e9a590f48c010551dc6c4b31"
            ],
            "markers": "python_version >= '2.7' and python_version not in '3.0, 3.1, 3.2, 3.3, 3.4'",
            "version": "==2.22.0"
        },
        "six": {
            "hashes": [
                "sha256:3350809f0555b11f552448330d0b52d5f24c91a322ea4a15ef22629740f3761c",
                "sha256:d16a0141ec1a18405cd4ce8b4613101da75da0e9a7aec5bdd4fa804d0e0eba73"
            ],
            "markers": "python_version >= '2.6' and python_version not in '3.0, 3.1, 3.2, 3.3'",
            "version": "==1.12.0"
        },
        "sqlparse": {
            "hashes": [
                "sha256:017cde379adbd6a1f15a61873f43e8274179378e95ef3fede90b5aa64d304ed0",
                "sha256:0f91fd2e829c44362cbcfab3e9ae12e22badaa8a29ad5ff599f9ec109f0454e8"
            ],
            "markers": "python_version >= '3.5'",
            "version": "==0.4.1"
        },
        "urllib3": {
            "hashes": [
                "sha256:4c291ca23bbb55c76518905869ef34bdd5f0e46af7afe6861e8375643ffee1a0",
                "sha256:9a247273df709c4fedb38c711e44292304f73f39ab01beda9f6b9fc375669ac3"
            ],
            "markers": "python_version >= '2.7' and python_version not in '3.0, 3.1, 3.2, 3.3' and python_version < '4.0'",
            "version": "==1.24.2"
        },
        "wcwidth": {
            "hashes": [
                "sha256:3df37372226d6e63e1b1e1eda15c594bca98a22d33a23832a90998faa96bc65e",
                "sha256:f4ebe71925af7b40a864553f761ed559b43544f8f71746c2d756c7fe788ade7c"
            ],
            "version": "==0.1.7"
        }
    },
    "develop": {}
}
